
Microsoft Visual Studio Solution File, Format Version 12.00
# Visual Studio Version 17
VisualStudioVersion = 17.8.34322.80
MinimumVisualStudioVersion = 10.0.40219.1
Project("{2150E333-8FDC-42A3-9474-1A3956D46DE8}") = "K8S", "K8S", "{05A23E9B-EAA5-4627-9B22-E3F3A8DBC845}"
	ProjectSection(SolutionItems) = preProject
		K8S\ingress-srv.yaml = K8S\ingress-srv.yaml
		K8S\local-pvc.yaml = K8S\local-pvc.yaml
		K8S\mssql-plat-depl.yaml = K8S\mssql-plat-depl.yaml
		K8S\quests-depl.yaml = K8S\quests-depl.yaml
		K8S\rabbitmq-depl.yaml = K8S\rabbitmq-depl.yaml
		K8S\skills-depl.yaml = K8S\skills-depl.yaml
		K8S\skills-np-srv.yaml = K8S\skills-np-srv.yaml
	EndProjectSection
EndProject
Project("{2150E333-8FDC-42A3-9474-1A3956D46DE8}") = "SkillService", "SkillService", "{097F0722-6CC4-46BB-A49D-EF10B5004699}"
EndProject
Project("{9A19103F-16F7-4668-BE54-9A1E7A4F7556}") = "SkillService", "SkillService\SkillService.csproj", "{CEB6F522-1546-4082-84F5-1007F6A2847A}"
EndProject
Project("{9A19103F-16F7-4668-BE54-9A1E7A4F7556}") = "QuestsService", "QuestsService\QuestsService.csproj", "{4B7785C8-2F6C-4CC2-9005-CEC6814C862C}"
EndProject
Project("{2150E333-8FDC-42A3-9474-1A3956D46DE8}") = "QuestService", "QuestService", "{D1653D52-C4FB-4D3D-80B5-1D1546B51040}"
EndProject
Global
	GlobalSection(SolutionConfigurationPlatforms) = preSolution
		Debug|Any CPU = Debug|Any CPU
		Release|Any CPU = Release|Any CPU
	EndGlobalSection
	GlobalSection(ProjectConfigurationPlatforms) = postSolution
		{CEB6F522-1546-4082-84F5-1007F6A2847A}.Debug|Any CPU.ActiveCfg = Debug|Any CPU
		{CEB6F522-1546-4082-84F5-1007F6A2847A}.Debug|Any CPU.Build.0 = Debug|Any CPU
		{CEB6F522-1546-4082-84F5-1007F6A2847A}.Release|Any CPU.ActiveCfg = Release|Any CPU
		{CEB6F522-1546-4082-84F5-1007F6A2847A}.Release|Any CPU.Build.0 = Release|Any CPU
		{4B7785C8-2F6C-4CC2-9005-CEC6814C862C}.Debug|Any CPU.ActiveCfg = Debug|Any CPU
		{4B7785C8-2F6C-4CC2-9005-CEC6814C862C}.Debug|Any CPU.Build.0 = Debug|Any CPU
		{4B7785C8-2F6C-4CC2-9005-CEC6814C862C}.Release|Any CPU.ActiveCfg = Release|Any CPU
		{4B7785C8-2F6C-4CC2-9005-CEC6814C862C}.Release|Any CPU.Build.0 = Release|Any CPU
	EndGlobalSection
	GlobalSection(SolutionProperties) = preSolution
		HideSolutionNode = FALSE
	EndGlobalSection
	GlobalSection(NestedProjects) = preSolution
		{CEB6F522-1546-4082-84F5-1007F6A2847A} = {097F0722-6CC4-46BB-A49D-EF10B5004699}
		{4B7785C8-2F6C-4CC2-9005-CEC6814C862C} = {D1653D52-C4FB-4D3D-80B5-1D1546B51040}
	EndGlobalSection
	GlobalSection(ExtensibilityGlobals) = postSolution
		SolutionGuid = {C172115A-61AA-4D40-8CF6-088C618372B0}
	EndGlobalSection
EndGlobal
